
Microsoft Visual Studio Solution File, Format Version 12.00
# Visual Studio Version 16
VisualStudioVersion = 16.0.30204.135
MinimumVisualStudioVersion = 10.0.40219.1
Project("{FAE04EC0-301F-11D3-BF4B-00C04F79EFBC}") = "TCPIPBasic", "TCPIPBasic\TCPIPBasic.csproj", "{E2C31B72-28D0-4923-B603-7799EF9051FC}"
EndProject
Global
	GlobalSection(SolutionConfigurationPlatforms) = preSolution
		Debug|Any CPU = Debug|Any CPU
		Release|Any CPU = Release|Any CPU
	EndGlobalSection
	GlobalSection(ProjectConfigurationPlatforms) = postSolution
		{E2C31B72-28D0-4923-B603-7799EF9051FC}.Debug|Any CPU.ActiveCfg = Debug|Any CPU
		{E2C31B72-28D0-4923-B603-7799EF9051FC}.Debug|Any CPU.Build.0 = Debug|Any CPU
		{E2C31B72-28D0-4923-B603-7799EF9051FC}.Release|Any CPU.ActiveCfg = Release|Any CPU
		{E2C31B72-28D0-4923-B603-7799EF9051FC}.Release|Any CPU.Build.0 = Release|Any CPU
	EndGlobalSection
	GlobalSection(SolutionProperties) = preSolution
		HideSolutionNode = FALSE
	EndGlobalSection
	GlobalSection(ExtensibilityGlobals) = postSolution
		SolutionGuid = {4FE71BD9-B0EB-4671-800E-2DA41ED3C4A8}
	EndGlobalSection
EndGlobal
